
Microsoft Visual Studio Solution File, Format Version 12.00
# Visual Studio Version 17
VisualStudioVersion = 17.5.33502.453
MinimumVisualStudioVersion = 10.0.40219.1
Project("{FAE04EC0-301F-11D3-BF4B-00C04F79EFBC}") = "Online_Shopping_Cart_Dot_NET_CORE6", "Online_Shopping_Cart_Dot_NET_CORE6\Online_Shopping_Cart_Dot_NET_CORE6.csproj", "{094A1275-6796-47AB-9160-F76FBE63BE90}"
EndProject
Global
	GlobalSection(SolutionConfigurationPlatforms) = preSolution
		Debug|Any CPU = Debug|Any CPU
		Release|Any CPU = Release|Any CPU
	EndGlobalSection
	GlobalSection(ProjectConfigurationPlatforms) = postSolution
		{094A1275-6796-47AB-9160-F76FBE63BE90}.Debug|Any CPU.ActiveCfg = Debug|Any CPU
		{094A1275-6796-47AB-9160-F76FBE63BE90}.Debug|Any CPU.Build.0 = Debug|Any CPU
		{094A1275-6796-47AB-9160-F76FBE63BE90}.Release|Any CPU.ActiveCfg = Release|Any CPU
		{094A1275-6796-47AB-9160-F76FBE63BE90}.Release|Any CPU.Build.0 = Release|Any CPU
	EndGlobalSection
	GlobalSection(SolutionProperties) = preSolution
		HideSolutionNode = FALSE
	EndGlobalSection
	GlobalSection(ExtensibilityGlobals) = postSolution
		SolutionGuid = {40FB4404-FED3-4D71-91B6-16084C51000F}
	EndGlobalSection
EndGlobal
